// !$*UTF8*$!
{
	archiveVersion = 1;
	classes = {
	};
	objectVersion = 50;
	objects = {

/* Begin PBXBuildFile section */
		EF2898C72686FA620021EE0D /* AppDelegate.swift in Sources */ = {isa = PBXBuildFile; fileRef = EF2898C62686FA620021EE0D /* AppDelegate.swift */; };
		EF2898C92686FA620021EE0D /* SceneDelegate.swift in Sources */ = {isa = PBXBuildFile; fileRef = EF2898C82686FA620021EE0D /* SceneDelegate.swift */; };
		EF2898CB2686FA620021EE0D /* ViewController.swift in Sources */ = {isa = PBXBuildFile; fileRef = EF2898CA2686FA620021EE0D /* ViewController.swift */; };
		EF2898CE2686FA620021EE0D /* Main.storyboard in Resources */ = {isa = PBXBuildFile; fileRef = EF2898CC2686FA620021EE0D /* Main.storyboard */; };
		EF2898D02686FA630021EE0D /* Assets.xcassets in Resources */ = {isa = PBXBuildFile; fileRef = EF2898CF2686FA630021EE0D /* Assets.xcassets */; };
		EF2898D32686FA630021EE0D /* LaunchScreen.storyboard in Resources */ = {isa = PBXBuildFile; fileRef = EF2898D12686FA630021EE0D /* LaunchScreen.storyboard */; };
		EF2898DE2686FA630021EE0D /* LoginSampleTests.swift in Sources */ = {isa = PBXBuildFile; fileRef = EF2898DD2686FA630021EE0D /* LoginSampleTests.swift */; };
		EF2898E92686FA630021EE0D /* LoginSampleUITests.swift in Sources */ = {isa = PBXBuildFile; fileRef = EF2898E82686FA630021EE0D /* LoginSampleUITests.swift */; };
/* End PBXBuildFile section */

/* Begin PBXContainerItemProxy section */
		EF2898DA2686FA630021EE0D /* PBXContainerItemProxy */ = {
			isa = PBXContainerItemProxy;
			containerPortal = EF2898BB2686FA620021EE0D /* Project object */;
			proxyType = 1;
			remoteGlobalIDString = EF2898C22686FA620021EE0D;
			remoteInfo = LoginSample;
		};
		EF2898E52686FA630021EE0D /* PBXContainerItemProxy */ = {
			isa = PBXContainerItemProxy;
			containerPortal = EF2898BB2686FA620021EE0D /* Project object */;
			proxyType = 1;
			remoteGlobalIDString = EF2898C22686FA620021EE0D;
			remoteInfo = LoginSample;
		};
/* End PBXContainerItemProxy section */

/* Begin PBXFileReference section */
		EF2898C32686FA620021EE0D /* LoginSample.app */ = {isa = PBXFileReference; explicitFileType = wrapper.application; includeInIndex = 0; path = LoginSample.app; sourceTree = BUILT_PRODUCTS_DIR; };
		EF2898C62686FA620021EE0D /* AppDelegate.swift */ = {isa = PBXFileReference; lastKnownFileType = sourcecode.swift; path = AppDelegate.swift; sourceTree = "<group>"; };
		EF2898C82686FA620021EE0D /* SceneDelegate.swift */ = {isa = PBXFileReference; lastKnownFileType = sourcecode.swift; path = SceneDelegate.swift; sourceTree = "<group>"; };
		EF2898CA2686FA620021EE0D /* ViewController.swift */ = {isa = PBXFileReference; lastKnownFileType = sourcecode.swift; path = ViewController.swift; sourceTree = "<group>"; };
		EF2898CD2686FA620021EE0D /* Base */ = {isa = PBXFileReference; lastKnownFileType = file.storyboard; name = Base; path = Base.lproj/Main.storyboard; sourceTree = "<group>"; };
		EF2898CF2686FA630021EE0D /* Assets.xcassets */ = {isa = PBXFileReference; lastKnownFileType = folder.assetcatalog; path = Assets.xcassets; sourceTree = "<group>"; };
		EF2898D22686FA630021EE0D /* Base */ = {isa = PBXFileReference; lastKnownFileType = file.storyboard; name = Base; path = Base.lproj/LaunchScreen.storyboard; sourceTree = "<group>"; };
		EF2898D42686FA630021EE0D /* Info.plist */ = {isa = PBXFileReference; lastKnownFileType = text.plist.xml; path = Info.plist; sourceTree = "<group>"; };
		EF2898D92686FA630021EE0D /* LoginSampleTests.xctest */ = {isa = PBXFileReference; explicitFileType = wrapper.cfbundle; includeInIndex = 0; path = LoginSampleTests.xctest; sourceTree = BUILT_PRODUCTS_DIR; };
		EF2898DD2686FA630021EE0D /* LoginSampleTests.swift */ = {isa = PBXFileReference; lastKnownFileType = sourcecode.swift; path = LoginSampleTests.swift; sourceTree = "<group>"; };
		EF2898DF2686FA630021EE0D /* Info.plist */ = {isa = PBXFileReference; lastKnownFileType = text.plist.xml; path = Info.plist; sourceTree = "<group>"; };
		EF2898E42686FA630021EE0D /* LoginSampleUITests.xctest */ = {isa = PBXFileReference; explicitFileType = wrapper.cfbundle; includeInIndex = 0; path = LoginSampleUITests.xctest; sourceTree = BUILT_PRODUCTS_DIR; };
		EF2898E82686FA630021EE0D /* LoginSampleUITests.swift */ = {isa = PBXFileReference; lastKnownFileType = sourcecode.swift; path = LoginSampleUITests.swift; sourceTree = "<group>"; };
		EF2898EA2686FA630021EE0D /* Info.plist */ = {isa = PBXFileReference; lastKnownFileType = text.plist.xml; path = Info.plist; sourceTree = "<group>"; };
/* End PBXFileReference section */

/* Begin PBXFrameworksBuildPhase section */
		EF2898C02686FA620021EE0D /* Frameworks */ = {
			isa = PBXFrameworksBuildPhase;
			buildActionMask = 2147483647;
			files = (
			);
			runOnlyForDeploymentPostprocessing = 0;
		};
		EF2898D62686FA630021EE0D /* Frameworks */ = {
			isa = PBXFrameworksBuildPhase;
			buildActionMask = 2147483647;
			files = (
			);
			runOnlyForDeploymentPostprocessing = 0;
		};
		EF2898E12686FA630021EE0D /* Frameworks */ = {
			isa = PBXFrameworksBuildPhase;
			buildActionMask = 2147483647;
			files = (
			);
			runOnlyForDeploymentPostprocessing = 0;
		};
/* End PBXFrameworksBuildPhase section */

/* Begin PBXGroup section */
		EF2898BA2686FA620021EE0D = {
			isa = PBXGroup;
			children = (
				EF2898C52686FA620021EE0D /* LoginSample */,
				EF2898DC2686FA630021EE0D /* LoginSampleTests */,
				EF2898E72686FA630021EE0D /* LoginSampleUITests */,
				EF2898C42686FA620021EE0D /* Products */,
			);
			sourceTree = "<group>";
		};
		EF2898C42686FA620021EE0D /* Products */ = {
			isa = PBXGroup;
			children = (
				EF2898C32686FA620021EE0D /* LoginSample.app */,
				EF2898D92686FA630021EE0D /* LoginSampleTests.xctest */,
				EF2898E42686FA630021EE0D /* LoginSampleUITests.xctest */,
			);
			name = Products;
			sourceTree = "<group>";
		};
		EF2898C52686FA620021EE0D /* LoginSample */ = {
			isa = PBXGroup;
			children = (
				EF2898C62686FA620021EE0D /* AppDelegate.swift */,
				EF2898C82686FA620021EE0D /* SceneDelegate.swift */,
				EF2898CA2686FA620021EE0D /* ViewController.swift */,
				EF2898CC2686FA620021EE0D /* Main.storyboard */,
				EF2898CF2686FA630021EE0D /* Assets.xcassets */,
				EF2898D12686FA630021EE0D /* LaunchScreen.storyboard */,
				EF2898D42686FA630021EE0D /* Info.plist */,
			);
			path = LoginSample;
			sourceTree = "<group>";
		};
		EF2898DC2686FA630021EE0D /* LoginSampleTests */ = {
			isa = PBXGroup;
			children = (
				EF2898DD2686FA630021EE0D /* LoginSampleTests.swift */,
				EF2898DF2686FA630021EE0D /* Info.plist */,
			);
			path = LoginSampleTests;
			sourceTree = "<group>";
		};
		EF2898E72686FA630021EE0D /* LoginSampleUITests */ = {
			isa = PBXGroup;
			children = (
				EF2898E82686FA630021EE0D /* LoginSampleUITests.swift */,
				EF2898EA2686FA630021EE0D /* Info.plist */,
			);
			path = LoginSampleUITests;
			sourceTree = "<group>";
		};
/* End PBXGroup section */

/* Begin PBXNativeTarget section */
		EF2898C22686FA620021EE0D /* LoginSample */ = {
			isa = PBXNativeTarget;
			buildConfigurationList = EF2898ED2686FA630021EE0D /* Build configuration list for PBXNativeTarget "LoginSample" */;
			buildPhases = (
				EF2898BF2686FA620021EE0D /* Sources */,
				EF2898C02686FA620021EE0D /* Frameworks */,
				EF2898C12686FA620021EE0D /* Resources */,
			);
			buildRules = (
			);
			dependencies = (
			);
			name = LoginSample;
			productName = LoginSample;
			productReference = EF2898C32686FA620021EE0D /* LoginSample.app */;
			productType = "com.apple.product-type.application";
		};
		EF2898D82686FA630021EE0D /* LoginSampleTests */ = {
			isa = PBXNativeTarget;
			buildConfigurationList = EF2898F02686FA630021EE0D /* Build configuration list for PBXNativeTarget "LoginSampleTests" */;
			buildPhases = (
				EF2898D52686FA630021EE0D /* Sources */,
				EF2898D62686FA630021EE0D /* Frameworks */,
				EF2898D72686FA630021EE0D /* Resources */,
			);
			buildRules = (
			);
			dependencies = (
				EF2898DB2686FA630021EE0D /* PBXTargetDependency */,
			);
			name = LoginSampleTests;
			productName = LoginSampleTests;
			productReference = EF2898D92686FA630021EE0D /* LoginSampleTests.xctest */;
			productType = "com.apple.product-type.bundle.unit-test";
		};
		EF2898E32686FA630021EE0D /* LoginSampleUITests */ = {
			isa = PBXNativeTarget;
			buildConfigurationList = EF2898F32686FA630021EE0D /* Build configuration list for PBXNativeTarget "LoginSampleUITests" */;
			buildPhases = (
				EF2898E02686FA630021EE0D /* Sources */,
				EF2898E12686FA630021EE0D /* Frameworks */,
				EF2898E22686FA630021EE0D /* Resources */,
			);
			buildRules = (
			);
			dependencies = (
				EF2898E62686FA630021EE0D /* PBXTargetDependency */,
			);
			name = LoginSampleUITests;
			productName = LoginSampleUITests;
			productReference = EF2898E42686FA630021EE0D /* LoginSampleUITests.xctest */;
			productType = "com.apple.product-type.bundle.ui-testing";
		};
/* End PBXNativeTarget section */

/* Begin PBXProject section */
		EF2898BB2686FA620021EE0D /* Project object */ = {
			isa = PBXProject;
			attributes = {
				LastSwiftUpdateCheck = 1250;
				LastUpgradeCheck = 1250;
				TargetAttributes = {
					EF2898C22686FA620021EE0D = {
						CreatedOnToolsVersion = 12.5;
					};
					EF2898D82686FA630021EE0D = {
						CreatedOnToolsVersion = 12.5;
						TestTargetID = EF2898C22686FA620021EE0D;
					};
					EF2898E32686FA630021EE0D = {
						CreatedOnToolsVersion = 12.5;
						TestTargetID = EF2898C22686FA620021EE0D;
					};
				};
			};
			buildConfigurationList = EF2898BE2686FA620021EE0D /* Build configuration list for PBXProject "LoginSample" */;
			compatibilityVersion = "Xcode 9.3";
			developmentRegion = en;
			hasScannedForEncodings = 0;
			knownRegions = (
				en,
				Base,
			);
			mainGroup = EF2898BA2686FA620021EE0D;
			productRefGroup = EF2898C42686FA620021EE0D /* Products */;
			projectDirPath = "";
			projectRoot = "";
			targets = (
				EF2898C22686FA620021EE0D /* LoginSample */,
				EF2898D82686FA630021EE0D /* LoginSampleTests */,
				EF2898E32686FA630021EE0D /* LoginSampleUITests */,
			);
		};
/* End PBXProject section */

/* Begin PBXResourcesBuildPhase section */
		EF2898C12686FA620021EE0D /* Resources */ = {
			isa = PBXResourcesBuildPhase;
			buildActionMask = 2147483647;
			files = (
				EF2898D32686FA630021EE0D /* LaunchScreen.storyboard in Resources */,
				EF2898D02686FA630021EE0D /* Assets.xcassets in Resources */,
				EF2898CE2686FA620021EE0D /* Main.storyboard in Resources */,
			);
			runOnlyForDeploymentPostprocessing = 0;
		};
		EF2898D72686FA630021EE0D /* Resources */ = {
			isa = PBXResourcesBuildPhase;
			buildActionMask = 2147483647;
			files = (
			);
			runOnlyForDeploymentPostprocessing = 0;
		};
		EF2898E22686FA630021EE0D /* Resources */ = {
			isa = PBXResourcesBuildPhase;
			buildActionMask = 2147483647;
			files = (
			);
			runOnlyForDeploymentPostprocessing = 0;
		};
/* End PBXResourcesBuildPhase section */

/* Begin PBXSourcesBuildPhase section */
		EF2898BF2686FA620021EE0D /* Sources */ = {
			isa = PBXSourcesBuildPhase;
			buildActionMask = 2147483647;
			files = (
				EF2898CB2686FA620021EE0D /* ViewController.swift in Sources */,
				EF2898C72686FA620021EE0D /* AppDelegate.swift in Sources */,
				EF2898C92686FA620021EE0D /* SceneDelegate.swift in Sources */,
			);
			runOnlyForDeploymentPostprocessing = 0;
		};
		EF2898D52686FA630021EE0D /* Sources */ = {
			isa = PBXSourcesBuildPhase;
			buildActionMask = 2147483647;
			files = (
				EF2898DE2686FA630021EE0D /* LoginSampleTests.swift in Sources */,
			);
			runOnlyForDeploymentPostprocessing = 0;
		};
		EF2898E02686FA630021EE0D /* Sources */ = {
			isa = PBXSourcesBuildPhase;
			buildActionMask = 2147483647;
			files = (
				EF2898E92686FA630021EE0D /* LoginSampleUITests.swift in Sources */,
			);
			runOnlyForDeploymentPostprocessing = 0;
		};
/* End PBXSourcesBuildPhase section */

/* Begin PBXTargetDependency section */
		EF2898DB2686FA630021EE0D /* PBXTargetDependency */ = {
			isa = PBXTargetDependency;
			target = EF2898C22686FA620021EE0D /* LoginSample */;
			targetProxy = EF2898DA2686FA630021EE0D /* PBXContainerItemProxy */;
		};
		EF2898E62686FA630021EE0D /* PBXTargetDependency */ = {
			isa = PBXTargetDependency;
			target = EF2898C22686FA620021EE0D /* LoginSample */;
			targetProxy = EF2898E52686FA630021EE0D /* PBXContainerItemProxy */;
		};
/* End PBXTargetDependency section */

/* Begin PBXVariantGroup section */
		EF2898CC2686FA620021EE0D /* Main.storyboard */ = {
			isa = PBXVariantGroup;
			children = (
				EF2898CD2686FA620021EE0D /* Base */,
			);
			name = Main.storyboard;
			sourceTree = "<group>";
		};
		EF2898D12686FA630021EE0D /* LaunchScreen.storyboard */ = {
			isa = PBXVariantGroup;
			children = (
				EF2898D22686FA630021EE0D /* Base */,
			);
			name = LaunchScreen.storyboard;
			sourceTree = "<group>";
		};
/* End PBXVariantGroup section */

/* Begin XCBuildConfiguration section */
		EF2898EB2686FA630021EE0D /* Debug */ = {
			isa = XCBuildConfiguration;
			buildSettings = {
				ALWAYS_SEARCH_USER_PATHS = NO;
				CLANG_ANALYZER_NONNULL = YES;
				CLANG_ANALYZER_NUMBER_OBJECT_CONVERSION = YES_AGGRESSIVE;
				CLANG_CXX_LANGUAGE_STANDARD = "gnu++14";
				CLANG_CXX_LIBRARY = "libc++";
				CLANG_ENABLE_MODULES = YES;
				CLANG_ENABLE_OBJC_ARC = YES;
				CLANG_ENABLE_OBJC_WEAK = YES;
				CLANG_WARN_BLOCK_CAPTURE_AUTORELEASING = YES;
				CLANG_WARN_BOOL_CONVERSION = YES;
				CLANG_WARN_COMMA = YES;
				CLANG_WARN_CONSTANT_CONVERSION = YES;
				CLANG_WARN_DEPRECATED_OBJC_IMPLEMENTATIONS = YES;
				CLANG_WARN_DIRECT_OBJC_ISA_USAGE = YES_ERROR;
				CLANG_WARN_DOCUMENTATION_COMMENTS = YES;
				CLANG_WARN_EMPTY_BODY = YES;
				CLANG_WARN_ENUM_CONVERSION = YES;
				CLANG_WARN_INFINITE_RECURSION = YES;
				CLANG_WARN_INT_CONVERSION = YES;
				CLANG_WARN_NON_LITERAL_NULL_CONVERSION = YES;
				CLANG_WARN_OBJC_IMPLICIT_RETAIN_SELF = YES;
				CLANG_WARN_OBJC_LITERAL_CONVERSION = YES;
				CLANG_WARN_OBJC_ROOT_CLASS = YES_ERROR;
				CLANG_WARN_QUOTED_INCLUDE_IN_FRAMEWORK_HEADER = YES;
				CLANG_WARN_RANGE_LOOP_ANALYSIS = YES;
				CLANG_WARN_STRICT_PROTOTYPES = YES;
				CLANG_WARN_SUSPICIOUS_MOVE = YES;
				CLANG_WARN_UNGUARDED_AVAILABILITY = YES_AGGRESSIVE;
				CLANG_WARN_UNREACHABLE_CODE = YES;
				CLANG_WARN__DUPLICATE_METHOD_MATCH = YES;
				COPY_PHASE_STRIP = NO;
				DEBUG_INFORMATION_FORMAT = dwarf;
				ENABLE_STRICT_OBJC_MSGSEND = YES;
				ENABLE_TESTABILITY = YES;
				GCC_C_LANGUAGE_STANDARD = gnu11;
				GCC_DYNAMIC_NO_PIC = NO;
				GCC_NO_COMMON_BLOCKS = YES;
				GCC_OPTIMIZATION_LEVEL = 0;
				GCC_PREPROCESSOR_DEFINITIONS = (
					"DEBUG=1",
					"$(inherited)",
				);
				GCC_WARN_64_TO_32_BIT_CONVERSION = YES;
				GCC_WARN_ABOUT_RETURN_TYPE = YES_ERROR;
				GCC_WARN_UNDECLARED_SELECTOR = YES;
				GCC_WARN_UNINITIALIZED_AUTOS = YES_AGGRESSIVE;
				GCC_WARN_UNUSED_FUNCTION = YES;
				GCC_WARN_UNUSED_VARIABLE = YES;
				IPHONEOS_DEPLOYMENT_TARGET = 14.5;
				MTL_ENABLE_DEBUG_INFO = INCLUDE_SOURCE;
				MTL_FAST_MATH = YES;
				ONLY_ACTIVE_ARCH = YES;
				SDKROOT = iphoneos;
				SWIFT_ACTIVE_COMPILATION_CONDITIONS = DEBUG;
				SWIFT_OPTIMIZATION_LEVEL = "-Onone";
			};
			name = Debug;
		};
		EF2898EC2686FA630021EE0D /* Release */ = {
			isa = XCBuildConfiguration;
			buildSettings = {
				ALWAYS_SEARCH_USER_PATHS = NO;
				CLANG_ANALYZER_NONNULL = YES;
				CLANG_ANALYZER_NUMBER_OBJECT_CONVERSION = YES_AGGRESSIVE;
				CLANG_CXX_LANGUAGE_STANDARD = "gnu++14";
				CLANG_CXX_LIBRARY = "libc++";
				CLANG_ENABLE_MODULES = YES;
				CLANG_ENABLE_OBJC_ARC = YES;
				CLANG_ENABLE_OBJC_WEAK = YES;
				CLANG_WARN_BLOCK_CAPTURE_AUTORELEASING = YES;
				CLANG_WARN_BOOL_CONVERSION = YES;
				CLANG_WARN_COMMA = YES;
				CLANG_WARN_CONSTANT_CONVERSION = YES;
				CLANG_WARN_DEPRECATED_OBJC_IMPLEMENTATIONS = YES;
				CLANG_WARN_DIRECT_OBJC_ISA_USAGE = YES_ERROR;
				CLANG_WARN_DOCUMENTATION_COMMENTS = YES;
				CLANG_WARN_EMPTY_BODY = YES;
				CLANG_WARN_ENUM_CONVERSION = YES;
				CLANG_WARN_INFINITE_RECURSION = YES;
				CLANG_WARN_INT_CONVERSION = YES;
				CLANG_WARN_NON_LITERAL_NULL_CONVERSION = YES;
				CLANG_WARN_OBJC_IMPLICIT_RETAIN_SELF = YES;
				CLANG_WARN_OBJC_LITERAL_CONVERSION = YES;
				CLANG_WARN_OBJC_ROOT_CLASS = YES_ERROR;
				CLANG_WARN_QUOTED_INCLUDE_IN_FRAMEWORK_HEADER = YES;
				CLANG_WARN_RANGE_LOOP_ANALYSIS = YES;
				CLANG_WARN_STRICT_PROTOTYPES = YES;
				CLANG_WARN_SUSPICIOUS_MOVE = YES;
				CLANG_WARN_UNGUARDED_AVAILABILITY = YES_AGGRESSIVE;
				CLANG_WARN_UNREACHABLE_CODE = YES;
				CLANG_WARN__DUPLICATE_METHOD_MATCH = YES;
				COPY_PHASE_STRIP = NO;
				DEBUG_INFORMATION_FORMAT = "dwarf-with-dsym";
				ENABLE_NS_ASSERTIONS = NO;
				ENABLE_STRICT_OBJC_MSGSEND = YES;
				GCC_C_LANGUAGE_STANDARD = gnu11;
				GCC_NO_COMMON_BLOCKS = YES;
				GCC_WARN_64_TO_32_BIT_CONVERSION = YES;
				GCC_WARN_ABOUT_RETURN_TYPE = YES_ERROR;
				GCC_WARN_UNDECLARED_SELECTOR = YES;
				GCC_WARN_UNINITIALIZED_AUTOS = YES_AGGRESSIVE;
				GCC_WARN_UNUSED_FUNCTION = YES;
				GCC_WARN_UNUSED_VARIABLE = YES;
				IPHONEOS_DEPLOYMENT_TARGET = 14.5;
				MTL_ENABLE_DEBUG_INFO = NO;
				MTL_FAST_MATH = YES;
				SDKROOT = iphoneos;
				SWIFT_COMPILATION_MODE = wholemodule;
				SWIFT_OPTIMIZATION_LEVEL = "-O";
				VALIDATE_PRODUCT = YES;
			};
			name = Release;
		};
		EF2898EE2686FA630021EE0D /* Debug */ = {
			isa = XCBuildConfiguration;
			buildSettings = {
				ASSETCATALOG_COMPILER_APPICON_NAME = AppIcon;
				ASSETCATALOG_COMPILER_GLOBAL_ACCENT_COLOR_NAME = AccentColor;
				CODE_SIGN_STYLE = Automatic;
				INFOPLIST_FILE = LoginSample/Info.plist;
				LD_RUNPATH_SEARCH_PATHS = (
					"$(inherited)",
					"@executable_path/Frameworks",
				);
				PRODUCT_BUNDLE_IDENTIFIER = com.sample.LoginSample;
				PRODUCT_NAME = "$(TARGET_NAME)";
				SWIFT_VERSION = 5.0;
				TARGETED_DEVICE_FAMILY = "1,2";
			};
			name = Debug;
		};
		EF2898EF2686FA630021EE0D /* Release */ = {
			isa = XCBuildConfiguration;
			buildSettings = {
				ASSETCATALOG_COMPILER_APPICON_NAME = AppIcon;
				ASSETCATALOG_COMPILER_GLOBAL_ACCENT_COLOR_NAME = AccentColor;
				CODE_SIGN_STYLE = Automatic;
				INFOPLIST_FILE = LoginSample/Info.plist;
				LD_RUNPATH_SEARCH_PATHS = (
					"$(inherited)",
					"@executable_path/Frameworks",
				);
				PRODUCT_BUNDLE_IDENTIFIER = com.sample.LoginSample;
				PRODUCT_NAME = "$(TARGET_NAME)";
				SWIFT_VERSION = 5.0;
				TARGETED_DEVICE_FAMILY = "1,2";
			};
			name = Release;
		};
		EF2898F12686FA630021EE0D /* Debug */ = {
			isa = XCBuildConfiguration;
			buildSettings = {
				ALWAYS_EMBED_SWIFT_STANDARD_LIBRARIES = YES;
				BUNDLE_LOADER = "$(TEST_HOST)";
				CODE_SIGN_STYLE = Automatic;
				INFOPLIST_FILE = LoginSampleTests/Info.plist;
				IPHONEOS_DEPLOYMENT_TARGET = 14.5;
				LD_RUNPATH_SEARCH_PATHS = (
					"$(inherited)",
					"@executable_path/Frameworks",
					"@loader_path/Frameworks",
				);
				PRODUCT_BUNDLE_IDENTIFIER = com.sample.LoginSampleTests;
				PRODUCT_NAME = "$(TARGET_NAME)";
				SWIFT_VERSION = 5.0;
				TARGETED_DEVICE_FAMILY = "1,2";
				TEST_HOST = "$(BUILT_PRODUCTS_DIR)/LoginSample.app/LoginSample";
			};
			name = Debug;
		};
		EF2898F22686FA630021EE0D /* Release */ = {
			isa = XCBuildConfiguration;
			buildSettings = {
				ALWAYS_EMBED_SWIFT_STANDARD_LIBRARIES = YES;
				BUNDLE_LOADER = "$(TEST_HOST)";
				CODE_SIGN_STYLE = Automatic;
				INFOPLIST_FILE = LoginSampleTests/Info.plist;
				IPHONEOS_DEPLOYMENT_TARGET = 14.5;
				LD_RUNPATH_SEARCH_PATHS = (
					"$(inherited)",
					"@executable_path/Frameworks",
					"@loader_path/Frameworks",
				);
				PRODUCT_BUNDLE_IDENTIFIER = com.sample.LoginSampleTests;
				PRODUCT_NAME = "$(TARGET_NAME)";
				SWIFT_VERSION = 5.0;
				TARGETED_DEVICE_FAMILY = "1,2";
				TEST_HOST = "$(BUILT_PRODUCTS_DIR)/LoginSample.app/LoginSample";
			};
			name = Release;
		};
		EF2898F42686FA630021EE0D /* Debug */ = {
			isa = XCBuildConfiguration;
			buildSettings = {
				ALWAYS_EMBED_SWIFT_STANDARD_LIBRARIES = YES;
				CODE_SIGN_STYLE = Automatic;
				INFOPLIST_FILE = LoginSampleUITests/Info.plist;
				LD_RUNPATH_SEARCH_PATHS = (
					"$(inherited)",
					"@executable_path/Frameworks",
					"@loader_path/Frameworks",
				);
				PRODUCT_BUNDLE_IDENTIFIER = com.sample.LoginSampleUITests;
				PRODUCT_NAME = "$(TARGET_NAME)";
				SWIFT_VERSION = 5.0;
				TARGETED_DEVICE_FAMILY = "1,2";
				TEST_TARGET_NAME = LoginSample;
			};
			name = Debug;
		};
		EF2898F52686FA630021EE0D /* Release */ = {
			isa = XCBuildConfiguration;
			buildSettings = {
				ALWAYS_EMBED_SWIFT_STANDARD_LIBRARIES = YES;
				CODE_SIGN_STYLE = Automatic;
				INFOPLIST_FILE = LoginSampleUITests/Info.plist;
				LD_RUNPATH_SEARCH_PATHS = (
					"$(inherited)",
					"@executable_path/Frameworks",
					"@loader_path/Frameworks",
				);
				PRODUCT_BUNDLE_IDENTIFIER = com.sample.LoginSampleUITests;
				PRODUCT_NAME = "$(TARGET_NAME)";
				SWIFT_VERSION = 5.0;
				TARGETED_DEVICE_FAMILY = "1,2";
				TEST_TARGET_NAME = LoginSample;
			};
			name = Release;
		};
/* End XCBuildConfiguration section */

/* Begin XCConfigurationList section */
		EF2898BE2686FA620021EE0D /* Build configuration list for PBXProject "LoginSample" */ = {
			isa = XCConfigurationList;
			buildConfigurations = (
				EF2898EB2686FA630021EE0D /* Debug */,
				EF2898EC2686FA630021EE0D /* Release */,
			);
			defaultConfigurationIsVisible = 0;
			defaultConfigurationName = Release;
		};
		EF2898ED2686FA630021EE0D /* Build configuration list for PBXNativeTarget "LoginSample" */ = {
			isa = XCConfigurationList;
			buildConfigurations = (
				EF2898EE2686FA630021EE0D /* Debug */,
				EF2898EF2686FA630021EE0D /* Release */,
			);
			defaultConfigurationIsVisible = 0;
			defaultConfigurationName = Release;
		};
		EF2898F02686FA630021EE0D /* Build configuration list for PBXNativeTarget "LoginSampleTests" */ = {
			isa = XCConfigurationList;
			buildConfigurations = (
				EF2898F12686FA630021EE0D /* Debug */,
				EF2898F22686FA630021EE0D /* Release */,
			);
			defaultConfigurationIsVisible = 0;
			defaultConfigurationName = Release;
		};
		EF2898F32686FA630021EE0D /* Build configuration list for PBXNativeTarget "LoginSampleUITests" */ = {
			isa = XCConfigurationList;
			buildConfigurations = (
				EF2898F42686FA630021EE0D /* Debug */,
				EF2898F52686FA630021EE0D /* Release */,
			);
			defaultConfigurationIsVisible = 0;
			defaultConfigurationName = Release;
		};
/* End XCConfigurationList section */
	};
	rootObject = EF2898BB2686FA620021EE0D /* Project object */;
}
